
Microsoft Visual Studio Solution File, Format Version 12.00
# Visual Studio 15
VisualStudioVersion = 15.0.28010.2026
MinimumVisualStudioVersion = 10.0.40219.1
Project("{FAE04EC0-301F-11D3-BF4B-00C04F79EFBC}") = "Lab2Ex1", "Lab2Ex1\Lab2Ex1.csproj", "{CBA82779-4E1C-4625-99D7-4AF0F8C7B86C}"
EndProject
Project("{FAE04EC0-301F-11D3-BF4B-00C04F79EFBC}") = "Lab2Ex1Test", "Lab2Ex1Test\Lab2Ex1Test.csproj", "{D80F2FC1-CB58-4EFB-B70C-BD5205E19BF2}"
EndProject
Global
	GlobalSection(SolutionConfigurationPlatforms) = preSolution
		Debug|Any CPU = Debug|Any CPU
		Release|Any CPU = Release|Any CPU
	EndGlobalSection
	GlobalSection(ProjectConfigurationPlatforms) = postSolution
		{CBA82779-4E1C-4625-99D7-4AF0F8C7B86C}.Debug|Any CPU.ActiveCfg = Debug|Any CPU
		{CBA82779-4E1C-4625-99D7-4AF0F8C7B86C}.Debug|Any CPU.Build.0 = Debug|Any CPU
		{CBA82779-4E1C-4625-99D7-4AF0F8C7B86C}.Release|Any CPU.ActiveCfg = Release|Any CPU
		{CBA82779-4E1C-4625-99D7-4AF0F8C7B86C}.Release|Any CPU.Build.0 = Release|Any CPU
		{D80F2FC1-CB58-4EFB-B70C-BD5205E19BF2}.Debug|Any CPU.ActiveCfg = Debug|Any CPU
		{D80F2FC1-CB58-4EFB-B70C-BD5205E19BF2}.Debug|Any CPU.Build.0 = Debug|Any CPU
		{D80F2FC1-CB58-4EFB-B70C-BD5205E19BF2}.Release|Any CPU.ActiveCfg = Release|Any CPU
		{D80F2FC1-CB58-4EFB-B70C-BD5205E19BF2}.Release|Any CPU.Build.0 = Release|Any CPU
	EndGlobalSection
	GlobalSection(SolutionProperties) = preSolution
		HideSolutionNode = FALSE
	EndGlobalSection
	GlobalSection(ExtensibilityGlobals) = postSolution
		SolutionGuid = {91C25D9F-AA47-4E06-B002-C6C03022210E}
	EndGlobalSection
EndGlobal
