
Microsoft Visual Studio Solution File, Format Version 12.00
# Visual Studio 15
VisualStudioVersion = 15.0.26124.0
MinimumVisualStudioVersion = 15.0.26124.0
Project("{FAE04EC0-301F-11D3-BF4B-00C04F79EFBC}") = "Employees.Data", "Employees.Data\Employees.Data.csproj", "{CA1A0FD2-E555-4A01-8C0D-FA6FB9B07C4D}"
EndProject
Project("{FAE04EC0-301F-11D3-BF4B-00C04F79EFBC}") = "Employees.Data.Test", "Employees.Data.Test\Employees.Data.Test.csproj", "{24DB8691-2CE9-4CA6-B8DA-5ED8E8B5D8D1}"
EndProject
Global
	GlobalSection(SolutionConfigurationPlatforms) = preSolution
		Debug|Any CPU = Debug|Any CPU
		Debug|x64 = Debug|x64
		Debug|x86 = Debug|x86
		Release|Any CPU = Release|Any CPU
		Release|x64 = Release|x64
		Release|x86 = Release|x86
	EndGlobalSection
	GlobalSection(SolutionProperties) = preSolution
		HideSolutionNode = FALSE
	EndGlobalSection
	GlobalSection(ProjectConfigurationPlatforms) = postSolution
		{CA1A0FD2-E555-4A01-8C0D-FA6FB9B07C4D}.Debug|Any CPU.ActiveCfg = Debug|Any CPU
		{CA1A0FD2-E555-4A01-8C0D-FA6FB9B07C4D}.Debug|Any CPU.Build.0 = Debug|Any CPU
		{CA1A0FD2-E555-4A01-8C0D-FA6FB9B07C4D}.Debug|x64.ActiveCfg = Debug|Any CPU
		{CA1A0FD2-E555-4A01-8C0D-FA6FB9B07C4D}.Debug|x64.Build.0 = Debug|Any CPU
		{CA1A0FD2-E555-4A01-8C0D-FA6FB9B07C4D}.Debug|x86.ActiveCfg = Debug|Any CPU
		{CA1A0FD2-E555-4A01-8C0D-FA6FB9B07C4D}.Debug|x86.Build.0 = Debug|Any CPU
		{CA1A0FD2-E555-4A01-8C0D-FA6FB9B07C4D}.Release|Any CPU.ActiveCfg = Release|Any CPU
		{CA1A0FD2-E555-4A01-8C0D-FA6FB9B07C4D}.Release|Any CPU.Build.0 = Release|Any CPU
		{CA1A0FD2-E555-4A01-8C0D-FA6FB9B07C4D}.Release|x64.ActiveCfg = Release|Any CPU
		{CA1A0FD2-E555-4A01-8C0D-FA6FB9B07C4D}.Release|x64.Build.0 = Release|Any CPU
		{CA1A0FD2-E555-4A01-8C0D-FA6FB9B07C4D}.Release|x86.ActiveCfg = Release|Any CPU
		{CA1A0FD2-E555-4A01-8C0D-FA6FB9B07C4D}.Release|x86.Build.0 = Release|Any CPU
		{24DB8691-2CE9-4CA6-B8DA-5ED8E8B5D8D1}.Debug|Any CPU.ActiveCfg = Debug|Any CPU
		{24DB8691-2CE9-4CA6-B8DA-5ED8E8B5D8D1}.Debug|Any CPU.Build.0 = Debug|Any CPU
		{24DB8691-2CE9-4CA6-B8DA-5ED8E8B5D8D1}.Debug|x64.ActiveCfg = Debug|Any CPU
		{24DB8691-2CE9-4CA6-B8DA-5ED8E8B5D8D1}.Debug|x64.Build.0 = Debug|Any CPU
		{24DB8691-2CE9-4CA6-B8DA-5ED8E8B5D8D1}.Debug|x86.ActiveCfg = Debug|Any CPU
		{24DB8691-2CE9-4CA6-B8DA-5ED8E8B5D8D1}.Debug|x86.Build.0 = Debug|Any CPU
		{24DB8691-2CE9-4CA6-B8DA-5ED8E8B5D8D1}.Release|Any CPU.ActiveCfg = Release|Any CPU
		{24DB8691-2CE9-4CA6-B8DA-5ED8E8B5D8D1}.Release|Any CPU.Build.0 = Release|Any CPU
		{24DB8691-2CE9-4CA6-B8DA-5ED8E8B5D8D1}.Release|x64.ActiveCfg = Release|Any CPU
		{24DB8691-2CE9-4CA6-B8DA-5ED8E8B5D8D1}.Release|x64.Build.0 = Release|Any CPU
		{24DB8691-2CE9-4CA6-B8DA-5ED8E8B5D8D1}.Release|x86.ActiveCfg = Release|Any CPU
		{24DB8691-2CE9-4CA6-B8DA-5ED8E8B5D8D1}.Release|x86.Build.0 = Release|Any CPU
	EndGlobalSection
EndGlobal
