
Microsoft Visual Studio Solution File, Format Version 12.00
# Visual Studio 15
VisualStudioVersion = 15.0.28010.2026
MinimumVisualStudioVersion = 10.0.40219.1
Project("{9A19103F-16F7-4668-BE54-9A1E7A4F7556}") = "Lab6", "Lab6\Lab6.csproj", "{6608BD69-E354-460B-8B3B-1E8602D65EB1}"
EndProject
Project("{FAE04EC0-301F-11D3-BF4B-00C04F79EFBC}") = "BusinessLayer", "BusinessLayer\BusinessLayer.csproj", "{E01F91BB-00CF-40FC-85E3-159504665824}"
EndProject
Project("{FAE04EC0-301F-11D3-BF4B-00C04F79EFBC}") = "DataLayer", "DataLayer\DataLayer.csproj", "{5A0A4A1E-9B37-4662-8269-5C3C62CE0F00}"
EndProject
Global
	GlobalSection(SolutionConfigurationPlatforms) = preSolution
		Debug|Any CPU = Debug|Any CPU
		Release|Any CPU = Release|Any CPU
	EndGlobalSection
	GlobalSection(ProjectConfigurationPlatforms) = postSolution
		{6608BD69-E354-460B-8B3B-1E8602D65EB1}.Debug|Any CPU.ActiveCfg = Debug|Any CPU
		{6608BD69-E354-460B-8B3B-1E8602D65EB1}.Debug|Any CPU.Build.0 = Debug|Any CPU
		{6608BD69-E354-460B-8B3B-1E8602D65EB1}.Release|Any CPU.ActiveCfg = Release|Any CPU
		{6608BD69-E354-460B-8B3B-1E8602D65EB1}.Release|Any CPU.Build.0 = Release|Any CPU
		{E01F91BB-00CF-40FC-85E3-159504665824}.Debug|Any CPU.ActiveCfg = Debug|Any CPU
		{E01F91BB-00CF-40FC-85E3-159504665824}.Debug|Any CPU.Build.0 = Debug|Any CPU
		{E01F91BB-00CF-40FC-85E3-159504665824}.Release|Any CPU.ActiveCfg = Release|Any CPU
		{E01F91BB-00CF-40FC-85E3-159504665824}.Release|Any CPU.Build.0 = Release|Any CPU
		{5A0A4A1E-9B37-4662-8269-5C3C62CE0F00}.Debug|Any CPU.ActiveCfg = Debug|Any CPU
		{5A0A4A1E-9B37-4662-8269-5C3C62CE0F00}.Debug|Any CPU.Build.0 = Debug|Any CPU
		{5A0A4A1E-9B37-4662-8269-5C3C62CE0F00}.Release|Any CPU.ActiveCfg = Release|Any CPU
		{5A0A4A1E-9B37-4662-8269-5C3C62CE0F00}.Release|Any CPU.Build.0 = Release|Any CPU
	EndGlobalSection
	GlobalSection(SolutionProperties) = preSolution
		HideSolutionNode = FALSE
	EndGlobalSection
	GlobalSection(ExtensibilityGlobals) = postSolution
		SolutionGuid = {195E56AD-4F74-414C-A989-B41B9FD1B776}
	EndGlobalSection
EndGlobal
